
Microsoft Visual Studio Solution File, Format Version 12.00
# Visual Studio 15
VisualStudioVersion = 15.0.28010.2026
MinimumVisualStudioVersion = 10.0.40219.1
Project("{FAE04EC0-301F-11D3-BF4B-00C04F79EFBC}") = "RemoveDuplicate", "RemoveDuplicate\RemoveDuplicate.csproj", "{7F9A3745-F8C1-42B4-A4FB-9DE30FAA1457}"
EndProject
Global
	GlobalSection(SolutionConfigurationPlatforms) = preSolution
		Debug|Any CPU = Debug|Any CPU
		Release|Any CPU = Release|Any CPU
	EndGlobalSection
	GlobalSection(ProjectConfigurationPlatforms) = postSolution
		{7F9A3745-F8C1-42B4-A4FB-9DE30FAA1457}.Debug|Any CPU.ActiveCfg = Debug|Any CPU
		{7F9A3745-F8C1-42B4-A4FB-9DE30FAA1457}.Debug|Any CPU.Build.0 = Debug|Any CPU
		{7F9A3745-F8C1-42B4-A4FB-9DE30FAA1457}.Release|Any CPU.ActiveCfg = Release|Any CPU
		{7F9A3745-F8C1-42B4-A4FB-9DE30FAA1457}.Release|Any CPU.Build.0 = Release|Any CPU
	EndGlobalSection
	GlobalSection(SolutionProperties) = preSolution
		HideSolutionNode = FALSE
	EndGlobalSection
	GlobalSection(ExtensibilityGlobals) = postSolution
		SolutionGuid = {D1F3A50B-D328-494B-A7C8-991FAE80787A}
	EndGlobalSection
EndGlobal
